{
  "version": 4,
  "terraform_version": "1.5.4",
  "serial": 1,
  "lineage": "f16252c0-4003-a4bf-0159-5957ca9b25ad",
  "outputs": {},
  "resources": [
    {
      "mode": "managed",
      "type": "azurerm_container_registry",
      "name": "kiran1994",
      "provider": "provider[\"registry.terraform.io/hashicorp/azurerm\"]",
      "instances": [
        {
          "schema_version": 2,
          "attributes": {
            "admin_enabled": true,
            "admin_password": "VXn0UrTNgUaZGQOJbFeb6CjJ1Ggtsno3MeOPDbMprx+ACRCgyOow",
            "admin_username": "kiran1994",
            "anonymous_pull_enabled": false,
            "data_endpoint_enabled": false,
            "encryption": [
              {
                "enabled": false,
                "identity_client_id": "",
                "key_vault_key_id": ""
              }
            ],
            "export_policy_enabled": true,
            "georeplication_locations": [],
            "georeplications": [],
            "id": "/subscriptions/9a3b904e-71e9-452d-946a-abc68a17fab5/resourceGroups/container-hub/providers/Microsoft.ContainerRegistry/registries/kiran1994",
            "identity": [],
            "location": "centralus",
            "login_server": "kiran1994.azurecr.io",
            "name": "kiran1994",
            "network_rule_bypass_option": "AzureServices",
            "network_rule_set": [],
            "public_network_access_enabled": true,
            "quarantine_policy_enabled": false,
            "resource_group_name": "container-hub",
            "retention_policy": [
              {
                "days": 7,
                "enabled": false
              }
            ],
            "sku": "Standard",
            "storage_account_id": "",
            "tags": {},
            "timeouts": {
              "create": null,
              "delete": null,
              "read": null,
              "update": null
            },
            "trust_policy": [
              {
                "enabled": false
              }
            ],
            "zone_redundancy_enabled": false
          },
          "sensitive_attributes": [],
          "private": "eyJlMmJmYjczMC1lY2FhLTExZTYtOGY4OC0zNDM2M2JjN2M0YzAiOnsiY3JlYXRlIjoxODAwMDAwMDAwMDAwLCJkZWxldGUiOjE4MDAwMDAwMDAwMDAsInJlYWQiOjMwMDAwMDAwMDAwMCwidXBkYXRlIjoxODAwMDAwMDAwMDAwfSwic2NoZW1hX3ZlcnNpb24iOiIyIn0="
        }
      ]
    }
  ],
  "check_results": null
}
